// !$*UTF8*$!
{
	archiveVersion = 1;
	classes = {
	};
	objectVersion = 48;
	objects = {

/* Begin PBXBuildFile section */
		051FA8D02012ED4A0039D976 /* AppDelegate.swift in Sources */ = {isa = PBXBuildFile; fileRef = 051FA8CF2012ED4A0039D976 /* AppDelegate.swift */; };
		051FA8D22012ED4A0039D976 /* ViewController.swift in Sources */ = {isa = PBXBuildFile; fileRef = 051FA8D12012ED4A0039D976 /* ViewController.swift */; };
		051FA8D52012ED4A0039D976 /* Main.storyboard in Resources */ = {isa = PBXBuildFile; fileRef = 051FA8D32012ED4A0039D976 /* Main.storyboard */; };
		051FA8D82012ED4A0039D976 /* ScoutingApp.xcdatamodeld in Sources */ = {isa = PBXBuildFile; fileRef = 051FA8D62012ED4A0039D976 /* ScoutingApp.xcdatamodeld */; };
		051FA8DA2012ED4A0039D976 /* Assets.xcassets in Resources */ = {isa = PBXBuildFile; fileRef = 051FA8D92012ED4A0039D976 /* Assets.xcassets */; };
		051FA8DD2012ED4A0039D976 /* LaunchScreen.storyboard in Resources */ = {isa = PBXBuildFile; fileRef = 051FA8DB2012ED4A0039D976 /* LaunchScreen.storyboard */; };
		051FA8E82012ED4A0039D976 /* ScoutingAppTests.swift in Sources */ = {isa = PBXBuildFile; fileRef = 051FA8E72012ED4A0039D976 /* ScoutingAppTests.swift */; };
		051FA8F32012ED4A0039D976 /* ScoutingAppUITests.swift in Sources */ = {isa = PBXBuildFile; fileRef = 051FA8F22012ED4A0039D976 /* ScoutingAppUITests.swift */; };
		0526A0502013869E009E8BA8 /* InfoEnterViewController.swift in Sources */ = {isa = PBXBuildFile; fileRef = 0526A04F2013869E009E8BA8 /* InfoEnterViewController.swift */; };
		0526A05420138C12009E8BA8 /* backArrow.png in Resources */ = {isa = PBXBuildFile; fileRef = 0526A05320138C12009E8BA8 /* backArrow.png */; };
		0526A057201393AC009E8BA8 /* minus.png in Resources */ = {isa = PBXBuildFile; fileRef = 0526A055201393AB009E8BA8 /* minus.png */; };
		0526A058201393AC009E8BA8 /* plus.png in Resources */ = {isa = PBXBuildFile; fileRef = 0526A056201393AC009E8BA8 /* plus.png */; };
		0526A05A20139D52009E8BA8 /* forwardArrow.png in Resources */ = {isa = PBXBuildFile; fileRef = 0526A05920139D52009E8BA8 /* forwardArrow.png */; };
		0526A05C2013A1EF009E8BA8 /* SecondInfoEnterViewController.swift in Sources */ = {isa = PBXBuildFile; fileRef = 0526A05B2013A1EF009E8BA8 /* SecondInfoEnterViewController.swift */; };
		0526A05E2013C56A009E8BA8 /* ThirdInfoViewController.swift in Sources */ = {isa = PBXBuildFile; fileRef = 0526A05D2013C56A009E8BA8 /* ThirdInfoViewController.swift */; };
		0526A0602017ED6E009E8BA8 /* SettingsViewController.swift in Sources */ = {isa = PBXBuildFile; fileRef = 0526A05F2017ED6E009E8BA8 /* SettingsViewController.swift */; };
		0526A062201805A0009E8BA8 /* QRCodeGeneratorViewController.swift in Sources */ = {isa = PBXBuildFile; fileRef = 0526A061201805A0009E8BA8 /* QRCodeGeneratorViewController.swift */; };
		0526A064201A8F32009E8BA8 /* QRCodeReaderViewController.swift in Sources */ = {isa = PBXBuildFile; fileRef = 0526A063201A8F32009E8BA8 /* QRCodeReaderViewController.swift */; };
		056800C72025363400F483EC /* EmailViewController.swift in Sources */ = {isa = PBXBuildFile; fileRef = 056800C62025363400F483EC /* EmailViewController.swift */; };
		05B312EB203794040078040B /* GHS Robotics Logo.png in Resources */ = {isa = PBXBuildFile; fileRef = 05B312EA203794040078040B /* GHS Robotics Logo.png */; };
		05B312ED2037956D0078040B /* BackgroundView.swift in Sources */ = {isa = PBXBuildFile; fileRef = 05B312EC2037956D0078040B /* BackgroundView.swift */; };
		05B312EF203799F30078040B /* TransparentForwardArrow.png in Resources */ = {isa = PBXBuildFile; fileRef = 05B312EE203799F30078040B /* TransparentForwardArrow.png */; };
		05B897B62040E75200D43E28 /* ContentView.swift in Sources */ = {isa = PBXBuildFile; fileRef = 05B897B52040E75200D43E28 /* ContentView.swift */; };
		05B897B82040E82100D43E28 /* ViewDataButton.swift in Sources */ = {isa = PBXBuildFile; fileRef = 05B897B72040E82100D43E28 /* ViewDataButton.swift */; };
		05B897BE2048F53B00D43E28 /* icons8-back-arrow-96.png in Resources */ = {isa = PBXBuildFile; fileRef = 05B897BD2048F53B00D43E28 /* icons8-back-arrow-96.png */; };
		05B99159202E6F8900362230 /* Spreadsheet.csv in Resources */ = {isa = PBXBuildFile; fileRef = 05B99158202E6F8800362230 /* Spreadsheet.csv */; };
		05B9915D202F41D600362230 /* SampleSpreadsheetNew.csv in Resources */ = {isa = PBXBuildFile; fileRef = 05B9915C202F41D500362230 /* SampleSpreadsheetNew.csv */; };
		05B99161202F429300362230 /* SpreadsheetTestcopy.txt in Resources */ = {isa = PBXBuildFile; fileRef = 05B99160202F429300362230 /* SpreadsheetTestcopy.txt */; };
		05B99163202F430200362230 /* SpreadsheetTestcopy.csv in Resources */ = {isa = PBXBuildFile; fileRef = 05B99162202F430200362230 /* SpreadsheetTestcopy.csv */; };
		05B99167202F437200362230 /* Spreadsheetcopy2.csv in Resources */ = {isa = PBXBuildFile; fileRef = 05B99166202F437100362230 /* Spreadsheetcopy2.csv */; };
		05B99169202F43CD00362230 /* SampleSpreadsheetcopy3.csv in Resources */ = {isa = PBXBuildFile; fileRef = 05B99168202F43CD00362230 /* SampleSpreadsheetcopy3.csv */; };
		05B9916B202F444200362230 /* Spreadsheet2.txt in Resources */ = {isa = PBXBuildFile; fileRef = 05B9916A202F444200362230 /* Spreadsheet2.txt */; };
		05B9916D202F445A00362230 /* Spreadsheet2.csv in Resources */ = {isa = PBXBuildFile; fileRef = 05B9916C202F445A00362230 /* Spreadsheet2.csv */; };
		05B9916F202F547C00362230 /* Email2ViewController.swift in Sources */ = {isa = PBXBuildFile; fileRef = 05B9916E202F547C00362230 /* Email2ViewController.swift */; };
		05BA1744202129C800D6611E /* GoogleService-Info.plist in Resources */ = {isa = PBXBuildFile; fileRef = 05BA1743202129C700D6611E /* GoogleService-Info.plist */; };
		05BA7080207443F200F4096E /* PitScouting2ViewController.swift in Sources */ = {isa = PBXBuildFile; fileRef = 05BA707F207443F100F4096E /* PitScouting2ViewController.swift */; };
		05BA70822075BBD400F4096E /* Spreadsheet2 copy.csv in Resources */ = {isa = PBXBuildFile; fileRef = 05BA70812075BBD400F4096E /* Spreadsheet2 copy.csv */; };
		05D9D309205C875900098B04 /* PitScoutingViewController.swift in Sources */ = {isa = PBXBuildFile; fileRef = 05D9D308205C875900098B04 /* PitScoutingViewController.swift */; };
		05F6FA71201AA40000591E18 /* DataViewController.swift in Sources */ = {isa = PBXBuildFile; fileRef = 05F6FA70201AA40000591E18 /* DataViewController.swift */; };
		05FD553D201D050A005CFE68 /* TransparentBackArrow.png in Resources */ = {isa = PBXBuildFile; fileRef = 05FD553C201D0509005CFE68 /* TransparentBackArrow.png */; };
/* End PBXBuildFile section */

/* Begin PBXContainerItemProxy section */
		051FA8E42012ED4A0039D976 /* PBXContainerItemProxy */ = {
			isa = PBXContainerItemProxy;
			containerPortal = 051FA8C42012ED4A0039D976 /* Project object */;
			proxyType = 1;
			remoteGlobalIDString = 051FA8CB2012ED4A0039D976;
			remoteInfo = ScoutingApp;
		};
		051FA8EF2012ED4A0039D976 /* PBXContainerItemProxy */ = {
			isa = PBXContainerItemProxy;
			containerPortal = 051FA8C42012ED4A0039D976 /* Project object */;
			proxyType = 1;
			remoteGlobalIDString = 051FA8CB2012ED4A0039D976;
			remoteInfo = ScoutingApp;
		};
/* End PBXContainerItemProxy section */

/* Begin PBXFileReference section */
		051FA8CC2012ED4A0039D976 /* ScoutingApp.app */ = {isa = PBXFileReference; explicitFileType = wrapper.application; includeInIndex = 0; path = ScoutingApp.app; sourceTree = BUILT_PRODUCTS_DIR; };
		051FA8CF2012ED4A0039D976 /* AppDelegate.swift */ = {isa = PBXFileReference; lastKnownFileType = sourcecode.swift; path = AppDelegate.swift; sourceTree = "<group>"; };
		051FA8D12012ED4A0039D976 /* ViewController.swift */ = {isa = PBXFileReference; lastKnownFileType = sourcecode.swift; path = ViewController.swift; sourceTree = "<group>"; };
		051FA8D42012ED4A0039D976 /* Base */ = {isa = PBXFileReference; lastKnownFileType = file.storyboard; name = Base; path = Base.lproj/Main.storyboard; sourceTree = "<group>"; };
		051FA8D72012ED4A0039D976 /* ScoutingApp.xcdatamodel */ = {isa = PBXFileReference; lastKnownFileType = wrapper.xcdatamodel; path = ScoutingApp.xcdatamodel; sourceTree = "<group>"; };
		051FA8D92012ED4A0039D976 /* Assets.xcassets */ = {isa = PBXFileReference; lastKnownFileType = folder.assetcatalog; path = Assets.xcassets; sourceTree = "<group>"; };
		051FA8DC2012ED4A0039D976 /* Base */ = {isa = PBXFileReference; lastKnownFileType = file.storyboard; name = Base; path = Base.lproj/LaunchScreen.storyboard; sourceTree = "<group>"; };
		051FA8DE2012ED4A0039D976 /* Info.plist */ = {isa = PBXFileReference; lastKnownFileType = text.plist.xml; path = Info.plist; sourceTree = "<group>"; };
		051FA8E32012ED4A0039D976 /* ScoutingAppTests.xctest */ = {isa = PBXFileReference; explicitFileType = wrapper.cfbundle; includeInIndex = 0; path = ScoutingAppTests.xctest; sourceTree = BUILT_PRODUCTS_DIR; };
		051FA8E72012ED4A0039D976 /* ScoutingAppTests.swift */ = {isa = PBXFileReference; lastKnownFileType = sourcecode.swift; path = ScoutingAppTests.swift; sourceTree = "<group>"; };
		051FA8E92012ED4A0039D976 /* Info.plist */ = {isa = PBXFileReference; lastKnownFileType = text.plist.xml; path = Info.plist; sourceTree = "<group>"; };
		051FA8EE2012ED4A0039D976 /* ScoutingAppUITests.xctest */ = {isa = PBXFileReference; explicitFileType = wrapper.cfbundle; includeInIndex = 0; path = ScoutingAppUITests.xctest; sourceTree = BUILT_PRODUCTS_DIR; };
		051FA8F22012ED4A0039D976 /* ScoutingAppUITests.swift */ = {isa = PBXFileReference; lastKnownFileType = sourcecode.swift; path = ScoutingAppUITests.swift; sourceTree = "<group>"; };
		051FA8F42012ED4A0039D976 /* Info.plist */ = {isa = PBXFileReference; lastKnownFileType = text.plist.xml; path = Info.plist; sourceTree = "<group>"; };
		0526A04F2013869E009E8BA8 /* InfoEnterViewController.swift */ = {isa = PBXFileReference; lastKnownFileType = sourcecode.swift; path = InfoEnterViewController.swift; sourceTree = "<group>"; };
		0526A05320138C12009E8BA8 /* backArrow.png */ = {isa = PBXFileReference; lastKnownFileType = image.png; path = backArrow.png; sourceTree = "<group>"; };
		0526A055201393AB009E8BA8 /* minus.png */ = {isa = PBXFileReference; lastKnownFileType = image.png; path = minus.png; sourceTree = "<group>"; };
		0526A056201393AC009E8BA8 /* plus.png */ = {isa = PBXFileReference; lastKnownFileType = image.png; path = plus.png; sourceTree = "<group>"; };
		0526A05920139D52009E8BA8 /* forwardArrow.png */ = {isa = PBXFileReference; lastKnownFileType = image.png; path = forwardArrow.png; sourceTree = "<group>"; };
		0526A05B2013A1EF009E8BA8 /* SecondInfoEnterViewController.swift */ = {isa = PBXFileReference; lastKnownFileType = sourcecode.swift; path = SecondInfoEnterViewController.swift; sourceTree = "<group>"; };
		0526A05D2013C56A009E8BA8 /* ThirdInfoViewController.swift */ = {isa = PBXFileReference; lastKnownFileType = sourcecode.swift; path = ThirdInfoViewController.swift; sourceTree = "<group>"; };
		0526A05F2017ED6E009E8BA8 /* SettingsViewController.swift */ = {isa = PBXFileReference; lastKnownFileType = sourcecode.swift; path = SettingsViewController.swift; sourceTree = "<group>"; };
		0526A061201805A0009E8BA8 /* QRCodeGeneratorViewController.swift */ = {isa = PBXFileReference; lastKnownFileType = sourcecode.swift; path = QRCodeGeneratorViewController.swift; sourceTree = "<group>"; };
		0526A063201A8F32009E8BA8 /* QRCodeReaderViewController.swift */ = {isa = PBXFileReference; lastKnownFileType = sourcecode.swift; path = QRCodeReaderViewController.swift; sourceTree = "<group>"; };
		056800C62025363400F483EC /* EmailViewController.swift */ = {isa = PBXFileReference; lastKnownFileType = sourcecode.swift; path = EmailViewController.swift; sourceTree = "<group>"; };
		05B312EA203794040078040B /* GHS Robotics Logo.png */ = {isa = PBXFileReference; lastKnownFileType = image.png; path = "GHS Robotics Logo.png"; sourceTree = "<group>"; };
		05B312EC2037956D0078040B /* BackgroundView.swift */ = {isa = PBXFileReference; lastKnownFileType = sourcecode.swift; path = BackgroundView.swift; sourceTree = "<group>"; };
		05B312EE203799F30078040B /* TransparentForwardArrow.png */ = {isa = PBXFileReference; lastKnownFileType = image.png; path = TransparentForwardArrow.png; sourceTree = "<group>"; };
		05B897B52040E75200D43E28 /* ContentView.swift */ = {isa = PBXFileReference; lastKnownFileType = sourcecode.swift; path = ContentView.swift; sourceTree = "<group>"; };
		05B897B72040E82100D43E28 /* ViewDataButton.swift */ = {isa = PBXFileReference; lastKnownFileType = sourcecode.swift; path = ViewDataButton.swift; sourceTree = "<group>"; };
		05B897BD2048F53B00D43E28 /* icons8-back-arrow-96.png */ = {isa = PBXFileReference; lastKnownFileType = image.png; path = "icons8-back-arrow-96.png"; sourceTree = "<group>"; };
		05B99158202E6F8800362230 /* Spreadsheet.csv */ = {isa = PBXFileReference; fileEncoding = 4; lastKnownFileType = text; path = Spreadsheet.csv; sourceTree = "<group>"; };
		05B9915C202F41D500362230 /* SampleSpreadsheetNew.csv */ = {isa = PBXFileReference; fileEncoding = 4; lastKnownFileType = text; path = SampleSpreadsheetNew.csv; sourceTree = "<group>"; };
		05B99160202F429300362230 /* SpreadsheetTestcopy.txt */ = {isa = PBXFileReference; fileEncoding = 4; lastKnownFileType = text; path = SpreadsheetTestcopy.txt; sourceTree = "<group>"; };
		05B99162202F430200362230 /* SpreadsheetTestcopy.csv */ = {isa = PBXFileReference; fileEncoding = 4; lastKnownFileType = text; path = SpreadsheetTestcopy.csv; sourceTree = "<group>"; };
		05B99166202F437100362230 /* Spreadsheetcopy2.csv */ = {isa = PBXFileReference; fileEncoding = 4; lastKnownFileType = text; name = Spreadsheetcopy2.csv; path = ScoutingApp/Spreadsheetcopy2.csv; sourceTree = "<group>"; };
		05B99168202F43CD00362230 /* SampleSpreadsheetcopy3.csv */ = {isa = PBXFileReference; fileEncoding = 4; lastKnownFileType = text; path = SampleSpreadsheetcopy3.csv; sourceTree = "<group>"; };
		05B9916A202F444200362230 /* Spreadsheet2.txt */ = {isa = PBXFileReference; fileEncoding = 4; lastKnownFileType = text; name = Spreadsheet2.txt; path = ScoutingApp/Spreadsheet2.txt; sourceTree = "<group>"; };
		05B9916C202F445A00362230 /* Spreadsheet2.csv */ = {isa = PBXFileReference; fileEncoding = 4; lastKnownFileType = text; name = Spreadsheet2.csv; path = ScoutingApp/Spreadsheet2.csv; sourceTree = "<group>"; };
		05B9916E202F547C00362230 /* Email2ViewController.swift */ = {isa = PBXFileReference; lastKnownFileType = sourcecode.swift; path = Email2ViewController.swift; sourceTree = "<group>"; };
		05BA1743202129C700D6611E /* GoogleService-Info.plist */ = {isa = PBXFileReference; fileEncoding = 4; lastKnownFileType = text.plist.xml; path = "GoogleService-Info.plist"; sourceTree = "<group>"; };
		05BA707F207443F100F4096E /* PitScouting2ViewController.swift */ = {isa = PBXFileReference; lastKnownFileType = sourcecode.swift; path = PitScouting2ViewController.swift; sourceTree = "<group>"; };
		05BA70812075BBD400F4096E /* Spreadsheet2 copy.csv */ = {isa = PBXFileReference; fileEncoding = 4; lastKnownFileType = text; name = "Spreadsheet2 copy.csv"; path = "ScoutingApp/Spreadsheet2 copy.csv"; sourceTree = "<group>"; };
		05D9D308205C875900098B04 /* PitScoutingViewController.swift */ = {isa = PBXFileReference; lastKnownFileType = sourcecode.swift; path = PitScoutingViewController.swift; sourceTree = "<group>"; };
		05F6FA70201AA40000591E18 /* DataViewController.swift */ = {isa = PBXFileReference; lastKnownFileType = sourcecode.swift; path = DataViewController.swift; sourceTree = "<group>"; };
		05FD553C201D0509005CFE68 /* TransparentBackArrow.png */ = {isa = PBXFileReference; lastKnownFileType = image.png; path = TransparentBackArrow.png; sourceTree = "<group>"; };
/* End PBXFileReference section */

/* Begin PBXFrameworksBuildPhase section */
		051FA8C92012ED4A0039D976 /* Frameworks */ = {
			isa = PBXFrameworksBuildPhase;
			buildActionMask = 2147483647;
			files = (
			);
			runOnlyForDeploymentPostprocessing = 0;
		};
		051FA8E02012ED4A0039D976 /* Frameworks */ = {
			isa = PBXFrameworksBuildPhase;
			buildActionMask = 2147483647;
			files = (
			);
			runOnlyForDeploymentPostprocessing = 0;
		};
		051FA8EB2012ED4A0039D976 /* Frameworks */ = {
			isa = PBXFrameworksBuildPhase;
			buildActionMask = 2147483647;
			files = (
			);
			runOnlyForDeploymentPostprocessing = 0;
		};
/* End PBXFrameworksBuildPhase section */

/* Begin PBXGroup section */
		051FA8C32012ED4A0039D976 = {
			isa = PBXGroup;
			children = (
				05B9915C202F41D500362230 /* SampleSpreadsheetNew.csv */,
				05B99160202F429300362230 /* SpreadsheetTestcopy.txt */,
				05B99162202F430200362230 /* SpreadsheetTestcopy.csv */,
				05B99166202F437100362230 /* Spreadsheetcopy2.csv */,
				05B99168202F43CD00362230 /* SampleSpreadsheetcopy3.csv */,
				05B9916A202F444200362230 /* Spreadsheet2.txt */,
				05B9916C202F445A00362230 /* Spreadsheet2.csv */,
				05BA70812075BBD400F4096E /* Spreadsheet2 copy.csv */,
				051FA8CE2012ED4A0039D976 /* ScoutingApp */,
				051FA8E62012ED4A0039D976 /* ScoutingAppTests */,
				051FA8F12012ED4A0039D976 /* ScoutingAppUITests */,
				051FA8CD2012ED4A0039D976 /* Products */,
			);
			sourceTree = "<group>";
		};
		051FA8CD2012ED4A0039D976 /* Products */ = {
			isa = PBXGroup;
			children = (
				051FA8CC2012ED4A0039D976 /* ScoutingApp.app */,
				051FA8E32012ED4A0039D976 /* ScoutingAppTests.xctest */,
				051FA8EE2012ED4A0039D976 /* ScoutingAppUITests.xctest */,
			);
			name = Products;
			sourceTree = "<group>";
		};
		051FA8CE2012ED4A0039D976 /* ScoutingApp */ = {
			isa = PBXGroup;
			children = (
				051FA8CF2012ED4A0039D976 /* AppDelegate.swift */,
				051FA8D12012ED4A0039D976 /* ViewController.swift */,
				0526A04F2013869E009E8BA8 /* InfoEnterViewController.swift */,
				0526A05B2013A1EF009E8BA8 /* SecondInfoEnterViewController.swift */,
				0526A05D2013C56A009E8BA8 /* ThirdInfoViewController.swift */,
				0526A05F2017ED6E009E8BA8 /* SettingsViewController.swift */,
				0526A061201805A0009E8BA8 /* QRCodeGeneratorViewController.swift */,
				0526A063201A8F32009E8BA8 /* QRCodeReaderViewController.swift */,
				05F6FA70201AA40000591E18 /* DataViewController.swift */,
				05B897B72040E82100D43E28 /* ViewDataButton.swift */,
				05B9916E202F547C00362230 /* Email2ViewController.swift */,
				05B312EC2037956D0078040B /* BackgroundView.swift */,
				05D9D308205C875900098B04 /* PitScoutingViewController.swift */,
				05BA707F207443F100F4096E /* PitScouting2ViewController.swift */,
				05B897B52040E75200D43E28 /* ContentView.swift */,
				05BA1743202129C700D6611E /* GoogleService-Info.plist */,
				051FA8D32012ED4A0039D976 /* Main.storyboard */,
				05B99158202E6F8800362230 /* Spreadsheet.csv */,
				05B312EA203794040078040B /* GHS Robotics Logo.png */,
				056800C62025363400F483EC /* EmailViewController.swift */,
				051FA8D92012ED4A0039D976 /* Assets.xcassets */,
				051FA8DB2012ED4A0039D976 /* LaunchScreen.storyboard */,
				051FA8DE2012ED4A0039D976 /* Info.plist */,
				051FA8D62012ED4A0039D976 /* ScoutingApp.xcdatamodeld */,
				0526A05320138C12009E8BA8 /* backArrow.png */,
				0526A05920139D52009E8BA8 /* forwardArrow.png */,
				0526A055201393AB009E8BA8 /* minus.png */,
				0526A056201393AC009E8BA8 /* plus.png */,
				05B312EE203799F30078040B /* TransparentForwardArrow.png */,
				05FD553C201D0509005CFE68 /* TransparentBackArrow.png */,
				05B897BD2048F53B00D43E28 /* icons8-back-arrow-96.png */,
			);
			path = ScoutingApp;
			sourceTree = "<group>";
		};
		051FA8E62012ED4A0039D976 /* ScoutingAppTests */ = {
			isa = PBXGroup;
			children = (
				051FA8E72012ED4A0039D976 /* ScoutingAppTests.swift */,
				051FA8E92012ED4A0039D976 /* Info.plist */,
			);
			path = ScoutingAppTests;
			sourceTree = "<group>";
		};
		051FA8F12012ED4A0039D976 /* ScoutingAppUITests */ = {
			isa = PBXGroup;
			children = (
				051FA8F22012ED4A0039D976 /* ScoutingAppUITests.swift */,
				051FA8F42012ED4A0039D976 /* Info.plist */,
			);
			path = ScoutingAppUITests;
			sourceTree = "<group>";
		};
/* End PBXGroup section */

/* Begin PBXNativeTarget section */
		051FA8CB2012ED4A0039D976 /* ScoutingApp */ = {
			isa = PBXNativeTarget;
			buildConfigurationList = 051FA8F72012ED4A0039D976 /* Build configuration list for PBXNativeTarget "ScoutingApp" */;
			buildPhases = (
				051FA8C82012ED4A0039D976 /* Sources */,
				051FA8C92012ED4A0039D976 /* Frameworks */,
				051FA8CA2012ED4A0039D976 /* Resources */,
			);
			buildRules = (
			);
			dependencies = (
			);
			name = ScoutingApp;
			productName = ScoutingApp;
			productReference = 051FA8CC2012ED4A0039D976 /* ScoutingApp.app */;
			productType = "com.apple.product-type.application";
		};
		051FA8E22012ED4A0039D976 /* ScoutingAppTests */ = {
			isa = PBXNativeTarget;
			buildConfigurationList = 051FA8FA2012ED4A0039D976 /* Build configuration list for PBXNativeTarget "ScoutingAppTests" */;
			buildPhases = (
				051FA8DF2012ED4A0039D976 /* Sources */,
				051FA8E02012ED4A0039D976 /* Frameworks */,
				051FA8E12012ED4A0039D976 /* Resources */,
			);
			buildRules = (
			);
			dependencies = (
				051FA8E52012ED4A0039D976 /* PBXTargetDependency */,
			);
			name = ScoutingAppTests;
			productName = ScoutingAppTests;
			productReference = 051FA8E32012ED4A0039D976 /* ScoutingAppTests.xctest */;
			productType = "com.apple.product-type.bundle.unit-test";
		};
		051FA8ED2012ED4A0039D976 /* ScoutingAppUITests */ = {
			isa = PBXNativeTarget;
			buildConfigurationList = 051FA8FD2012ED4A0039D976 /* Build configuration list for PBXNativeTarget "ScoutingAppUITests" */;
			buildPhases = (
				051FA8EA2012ED4A0039D976 /* Sources */,
				051FA8EB2012ED4A0039D976 /* Frameworks */,
				051FA8EC2012ED4A0039D976 /* Resources */,
			);
			buildRules = (
			);
			dependencies = (
				051FA8F02012ED4A0039D976 /* PBXTargetDependency */,
			);
			name = ScoutingAppUITests;
			productName = ScoutingAppUITests;
			productReference = 051FA8EE2012ED4A0039D976 /* ScoutingAppUITests.xctest */;
			productType = "com.apple.product-type.bundle.ui-testing";
		};
/* End PBXNativeTarget section */

/* Begin PBXProject section */
		051FA8C42012ED4A0039D976 /* Project object */ = {
			isa = PBXProject;
			attributes = {
				LastSwiftUpdateCheck = 0920;
				LastUpgradeCheck = 0920;
				ORGANIZATIONNAME = "Leonard Liu";
				TargetAttributes = {
					051FA8CB2012ED4A0039D976 = {
						CreatedOnToolsVersion = 9.2;
						ProvisioningStyle = Automatic;
					};
					051FA8E22012ED4A0039D976 = {
						CreatedOnToolsVersion = 9.2;
						ProvisioningStyle = Automatic;
						TestTargetID = 051FA8CB2012ED4A0039D976;
					};
					051FA8ED2012ED4A0039D976 = {
						CreatedOnToolsVersion = 9.2;
						ProvisioningStyle = Automatic;
						TestTargetID = 051FA8CB2012ED4A0039D976;
					};
				};
			};
			buildConfigurationList = 051FA8C72012ED4A0039D976 /* Build configuration list for PBXProject "ScoutingApp" */;
			compatibilityVersion = "Xcode 8.0";
			developmentRegion = en;
			hasScannedForEncodings = 0;
			knownRegions = (
				en,
				Base,
			);
			mainGroup = 051FA8C32012ED4A0039D976;
			productRefGroup = 051FA8CD2012ED4A0039D976 /* Products */;
			projectDirPath = "";
			projectRoot = "";
			targets = (
				051FA8CB2012ED4A0039D976 /* ScoutingApp */,
				051FA8E22012ED4A0039D976 /* ScoutingAppTests */,
				051FA8ED2012ED4A0039D976 /* ScoutingAppUITests */,
			);
		};
/* End PBXProject section */

/* Begin PBXResourcesBuildPhase section */
		051FA8CA2012ED4A0039D976 /* Resources */ = {
			isa = PBXResourcesBuildPhase;
			buildActionMask = 2147483647;
			files = (
				0526A05420138C12009E8BA8 /* backArrow.png in Resources */,
				05B99167202F437200362230 /* Spreadsheetcopy2.csv in Resources */,
				05FD553D201D050A005CFE68 /* TransparentBackArrow.png in Resources */,
				05BA1744202129C800D6611E /* GoogleService-Info.plist in Resources */,
				05B99169202F43CD00362230 /* SampleSpreadsheetcopy3.csv in Resources */,
				05B99163202F430200362230 /* SpreadsheetTestcopy.csv in Resources */,
				05B9915D202F41D600362230 /* SampleSpreadsheetNew.csv in Resources */,
				05B99161202F429300362230 /* SpreadsheetTestcopy.txt in Resources */,
				05B312EB203794040078040B /* GHS Robotics Logo.png in Resources */,
				05B9916B202F444200362230 /* Spreadsheet2.txt in Resources */,
				0526A05A20139D52009E8BA8 /* forwardArrow.png in Resources */,
				05B9916D202F445A00362230 /* Spreadsheet2.csv in Resources */,
				051FA8DD2012ED4A0039D976 /* LaunchScreen.storyboard in Resources */,
				05B897BE2048F53B00D43E28 /* icons8-back-arrow-96.png in Resources */,
				05BA70822075BBD400F4096E /* Spreadsheet2 copy.csv in Resources */,
				051FA8DA2012ED4A0039D976 /* Assets.xcassets in Resources */,
				0526A057201393AC009E8BA8 /* minus.png in Resources */,
				05B99159202E6F8900362230 /* Spreadsheet.csv in Resources */,
				051FA8D52012ED4A0039D976 /* Main.storyboard in Resources */,
				0526A058201393AC009E8BA8 /* plus.png in Resources */,
				05B312EF203799F30078040B /* TransparentForwardArrow.png in Resources */,
			);
			runOnlyForDeploymentPostprocessing = 0;
		};
		051FA8E12012ED4A0039D976 /* Resources */ = {
			isa = PBXResourcesBuildPhase;
			buildActionMask = 2147483647;
			files = (
			);
			runOnlyForDeploymentPostprocessing = 0;
		};
		051FA8EC2012ED4A0039D976 /* Resources */ = {
			isa = PBXResourcesBuildPhase;
			buildActionMask = 2147483647;
			files = (
			);
			runOnlyForDeploymentPostprocessing = 0;
		};
/* End PBXResourcesBuildPhase section */

/* Begin PBXSourcesBuildPhase section */
		051FA8C82012ED4A0039D976 /* Sources */ = {
			isa = PBXSourcesBuildPhase;
			buildActionMask = 2147483647;
			files = (
				0526A064201A8F32009E8BA8 /* QRCodeReaderViewController.swift in Sources */,
				0526A05E2013C56A009E8BA8 /* ThirdInfoViewController.swift in Sources */,
				05D9D309205C875900098B04 /* PitScoutingViewController.swift in Sources */,
				05B897B62040E75200D43E28 /* ContentView.swift in Sources */,
				05B312ED2037956D0078040B /* BackgroundView.swift in Sources */,
				05F6FA71201AA40000591E18 /* DataViewController.swift in Sources */,
				05B897B82040E82100D43E28 /* ViewDataButton.swift in Sources */,
				051FA8D22012ED4A0039D976 /* ViewController.swift in Sources */,
				0526A062201805A0009E8BA8 /* QRCodeGeneratorViewController.swift in Sources */,
				0526A0602017ED6E009E8BA8 /* SettingsViewController.swift in Sources */,
				05B9916F202F547C00362230 /* Email2ViewController.swift in Sources */,
				0526A0502013869E009E8BA8 /* InfoEnterViewController.swift in Sources */,
				051FA8D02012ED4A0039D976 /* AppDelegate.swift in Sources */,
				051FA8D82012ED4A0039D976 /* ScoutingApp.xcdatamodeld in Sources */,
				056800C72025363400F483EC /* EmailViewController.swift in Sources */,
				0526A05C2013A1EF009E8BA8 /* SecondInfoEnterViewController.swift in Sources */,
				05BA7080207443F200F4096E /* PitScouting2ViewController.swift in Sources */,
			);
			runOnlyForDeploymentPostprocessing = 0;
		};
		051FA8DF2012ED4A0039D976 /* Sources */ = {
			isa = PBXSourcesBuildPhase;
			buildActionMask = 2147483647;
			files = (
				051FA8E82012ED4A0039D976 /* ScoutingAppTests.swift in Sources */,
			);
			runOnlyForDeploymentPostprocessing = 0;
		};
		051FA8EA2012ED4A0039D976 /* Sources */ = {
			isa = PBXSourcesBuildPhase;
			buildActionMask = 2147483647;
			files = (
				051FA8F32012ED4A0039D976 /* ScoutingAppUITests.swift in Sources */,
			);
			runOnlyForDeploymentPostprocessing = 0;
		};
/* End PBXSourcesBuildPhase section */

/* Begin PBXTargetDependency section */
		051FA8E52012ED4A0039D976 /* PBXTargetDependency */ = {
			isa = PBXTargetDependency;
			target = 051FA8CB2012ED4A0039D976 /* ScoutingApp */;
			targetProxy = 051FA8E42012ED4A0039D976 /* PBXContainerItemProxy */;
		};
		051FA8F02012ED4A0039D976 /* PBXTargetDependency */ = {
			isa = PBXTargetDependency;
			target = 051FA8CB2012ED4A0039D976 /* ScoutingApp */;
			targetProxy = 051FA8EF2012ED4A0039D976 /* PBXContainerItemProxy */;
		};
/* End PBXTargetDependency section */

/* Begin PBXVariantGroup section */
		051FA8D32012ED4A0039D976 /* Main.storyboard */ = {
			isa = PBXVariantGroup;
			children = (
				051FA8D42012ED4A0039D976 /* Base */,
			);
			name = Main.storyboard;
			sourceTree = "<group>";
		};
		051FA8DB2012ED4A0039D976 /* LaunchScreen.storyboard */ = {
			isa = PBXVariantGroup;
			children = (
				051FA8DC2012ED4A0039D976 /* Base */,
			);
			name = LaunchScreen.storyboard;
			sourceTree = "<group>";
		};
/* End PBXVariantGroup section */

/* Begin XCBuildConfiguration section */
		051FA8F52012ED4A0039D976 /* Debug */ = {
			isa = XCBuildConfiguration;
			buildSettings = {
				ALWAYS_SEARCH_USER_PATHS = NO;
				CLANG_ANALYZER_NONNULL = YES;
				CLANG_ANALYZER_NUMBER_OBJECT_CONVERSION = YES_AGGRESSIVE;
				CLANG_CXX_LANGUAGE_STANDARD = "gnu++14";
				CLANG_CXX_LIBRARY = "libc++";
				CLANG_ENABLE_MODULES = YES;
				CLANG_ENABLE_OBJC_ARC = YES;
				CLANG_WARN_BLOCK_CAPTURE_AUTORELEASING = YES;
				CLANG_WARN_BOOL_CONVERSION = YES;
				CLANG_WARN_COMMA = YES;
				CLANG_WARN_CONSTANT_CONVERSION = YES;
				CLANG_WARN_DIRECT_OBJC_ISA_USAGE = YES_ERROR;
				CLANG_WARN_DOCUMENTATION_COMMENTS = YES;
				CLANG_WARN_EMPTY_BODY = YES;
				CLANG_WARN_ENUM_CONVERSION = YES;
				CLANG_WARN_INFINITE_RECURSION = YES;
				CLANG_WARN_INT_CONVERSION = YES;
				CLANG_WARN_NON_LITERAL_NULL_CONVERSION = YES;
				CLANG_WARN_OBJC_LITERAL_CONVERSION = YES;
				CLANG_WARN_OBJC_ROOT_CLASS = YES_ERROR;
				CLANG_WARN_RANGE_LOOP_ANALYSIS = YES;
				CLANG_WARN_STRICT_PROTOTYPES = YES;
				CLANG_WARN_SUSPICIOUS_MOVE = YES;
				CLANG_WARN_UNGUARDED_AVAILABILITY = YES_AGGRESSIVE;
				CLANG_WARN_UNREACHABLE_CODE = YES;
				CLANG_WARN__DUPLICATE_METHOD_MATCH = YES;
				CODE_SIGN_IDENTITY = "iPhone Developer";
				COPY_PHASE_STRIP = NO;
				DEBUG_INFORMATION_FORMAT = dwarf;
				ENABLE_STRICT_OBJC_MSGSEND = YES;
				ENABLE_TESTABILITY = YES;
				GCC_C_LANGUAGE_STANDARD = gnu11;
				GCC_DYNAMIC_NO_PIC = NO;
				GCC_NO_COMMON_BLOCKS = YES;
				GCC_OPTIMIZATION_LEVEL = 0;
				GCC_PREPROCESSOR_DEFINITIONS = (
					"DEBUG=1",
					"$(inherited)",
				);
				GCC_WARN_64_TO_32_BIT_CONVERSION = YES;
				GCC_WARN_ABOUT_RETURN_TYPE = YES_ERROR;
				GCC_WARN_UNDECLARED_SELECTOR = YES;
				GCC_WARN_UNINITIALIZED_AUTOS = YES_AGGRESSIVE;
				GCC_WARN_UNUSED_FUNCTION = YES;
				GCC_WARN_UNUSED_VARIABLE = YES;
				IPHONEOS_DEPLOYMENT_TARGET = 11.2;
				MTL_ENABLE_DEBUG_INFO = YES;
				ONLY_ACTIVE_ARCH = YES;
				SDKROOT = iphoneos;
				SWIFT_ACTIVE_COMPILATION_CONDITIONS = DEBUG;
				SWIFT_OPTIMIZATION_LEVEL = "-Onone";
			};
			name = Debug;
		};
		051FA8F62012ED4A0039D976 /* Release */ = {
			isa = XCBuildConfiguration;
			buildSettings = {
				ALWAYS_SEARCH_USER_PATHS = NO;
				CLANG_ANALYZER_NONNULL = YES;
				CLANG_ANALYZER_NUMBER_OBJECT_CONVERSION = YES_AGGRESSIVE;
				CLANG_CXX_LANGUAGE_STANDARD = "gnu++14";
				CLANG_CXX_LIBRARY = "libc++";
				CLANG_ENABLE_MODULES = YES;
				CLANG_ENABLE_OBJC_ARC = YES;
				CLANG_WARN_BLOCK_CAPTURE_AUTORELEASING = YES;
				CLANG_WARN_BOOL_CONVERSION = YES;
				CLANG_WARN_COMMA = YES;
				CLANG_WARN_CONSTANT_CONVERSION = YES;
				CLANG_WARN_DIRECT_OBJC_ISA_USAGE = YES_ERROR;
				CLANG_WARN_DOCUMENTATION_COMMENTS = YES;
				CLANG_WARN_EMPTY_BODY = YES;
				CLANG_WARN_ENUM_CONVERSION = YES;
				CLANG_WARN_INFINITE_RECURSION = YES;
				CLANG_WARN_INT_CONVERSION = YES;
				CLANG_WARN_NON_LITERAL_NULL_CONVERSION = YES;
				CLANG_WARN_OBJC_LITERAL_CONVERSION = YES;
				CLANG_WARN_OBJC_ROOT_CLASS = YES_ERROR;
				CLANG_WARN_RANGE_LOOP_ANALYSIS = YES;
				CLANG_WARN_STRICT_PROTOTYPES = YES;
				CLANG_WARN_SUSPICIOUS_MOVE = YES;
				CLANG_WARN_UNGUARDED_AVAILABILITY = YES_AGGRESSIVE;
				CLANG_WARN_UNREACHABLE_CODE = YES;
				CLANG_WARN__DUPLICATE_METHOD_MATCH = YES;
				CODE_SIGN_IDENTITY = "iPhone Developer";
				COPY_PHASE_STRIP = NO;
				DEBUG_INFORMATION_FORMAT = "dwarf-with-dsym";
				ENABLE_NS_ASSERTIONS = NO;
				ENABLE_STRICT_OBJC_MSGSEND = YES;
				GCC_C_LANGUAGE_STANDARD = gnu11;
				GCC_NO_COMMON_BLOCKS = YES;
				GCC_WARN_64_TO_32_BIT_CONVERSION = YES;
				GCC_WARN_ABOUT_RETURN_TYPE = YES_ERROR;
				GCC_WARN_UNDECLARED_SELECTOR = YES;
				GCC_WARN_UNINITIALIZED_AUTOS = YES_AGGRESSIVE;
				GCC_WARN_UNUSED_FUNCTION = YES;
				GCC_WARN_UNUSED_VARIABLE = YES;
				IPHONEOS_DEPLOYMENT_TARGET = 11.2;
				MTL_ENABLE_DEBUG_INFO = NO;
				SDKROOT = iphoneos;
				SWIFT_OPTIMIZATION_LEVEL = "-Owholemodule";
				VALIDATE_PRODUCT = YES;
			};
			name = Release;
		};
		051FA8F82012ED4A0039D976 /* Debug */ = {
			isa = XCBuildConfiguration;
			buildSettings = {
				ASSETCATALOG_COMPILER_APPICON_NAME = AppIcon;
				CODE_SIGN_STYLE = Automatic;
				DEVELOPMENT_TEAM = 5494GRQ5MD;
				INFOPLIST_FILE = ScoutingApp/Info.plist;
				IPHONEOS_DEPLOYMENT_TARGET = 10.3;
				LD_RUNPATH_SEARCH_PATHS = "$(inherited) @executable_path/Frameworks";
				PRODUCT_BUNDLE_IDENTIFIER = hwacha.ScoutingApp;
				PRODUCT_NAME = "$(TARGET_NAME)";
				SWIFT_VERSION = 4.0;
				TARGETED_DEVICE_FAMILY = "1,2";
			};
			name = Debug;
		};
		051FA8F92012ED4A0039D976 /* Release */ = {
			isa = XCBuildConfiguration;
			buildSettings = {
				ASSETCATALOG_COMPILER_APPICON_NAME = AppIcon;
				CODE_SIGN_STYLE = Automatic;
				DEVELOPMENT_TEAM = 5494GRQ5MD;
				INFOPLIST_FILE = ScoutingApp/Info.plist;
				IPHONEOS_DEPLOYMENT_TARGET = 10.3;
				LD_RUNPATH_SEARCH_PATHS = "$(inherited) @executable_path/Frameworks";
				PRODUCT_BUNDLE_IDENTIFIER = hwacha.ScoutingApp;
				PRODUCT_NAME = "$(TARGET_NAME)";
				SWIFT_VERSION = 4.0;
				TARGETED_DEVICE_FAMILY = "1,2";
			};
			name = Release;
		};
		051FA8FB2012ED4A0039D976 /* Debug */ = {
			isa = XCBuildConfiguration;
			buildSettings = {
				ALWAYS_EMBED_SWIFT_STANDARD_LIBRARIES = YES;
				BUNDLE_LOADER = "$(TEST_HOST)";
				CODE_SIGN_STYLE = Automatic;
				DEVELOPMENT_TEAM = 3FUPSV49KK;
				INFOPLIST_FILE = ScoutingAppTests/Info.plist;
				LD_RUNPATH_SEARCH_PATHS = "$(inherited) @executable_path/Frameworks @loader_path/Frameworks";
				PRODUCT_BUNDLE_IDENTIFIER = FRCRobotics2170.ScoutingAppTests;
				PRODUCT_NAME = "$(TARGET_NAME)";
				SWIFT_VERSION = 4.0;
				TARGETED_DEVICE_FAMILY = "1,2";
				TEST_HOST = "$(BUILT_PRODUCTS_DIR)/ScoutingApp.app/ScoutingApp";
			};
			name = Debug;
		};
		051FA8FC2012ED4A0039D976 /* Release */ = {
			isa = XCBuildConfiguration;
			buildSettings = {
				ALWAYS_EMBED_SWIFT_STANDARD_LIBRARIES = YES;
				BUNDLE_LOADER = "$(TEST_HOST)";
				CODE_SIGN_STYLE = Automatic;
				DEVELOPMENT_TEAM = 3FUPSV49KK;
				INFOPLIST_FILE = ScoutingAppTests/Info.plist;
				LD_RUNPATH_SEARCH_PATHS = "$(inherited) @executable_path/Frameworks @loader_path/Frameworks";
				PRODUCT_BUNDLE_IDENTIFIER = FRCRobotics2170.ScoutingAppTests;
				PRODUCT_NAME = "$(TARGET_NAME)";
				SWIFT_VERSION = 4.0;
				TARGETED_DEVICE_FAMILY = "1,2";
				TEST_HOST = "$(BUILT_PRODUCTS_DIR)/ScoutingApp.app/ScoutingApp";
			};
			name = Release;
		};
		051FA8FE2012ED4A0039D976 /* Debug */ = {
			isa = XCBuildConfiguration;
			buildSettings = {
				ALWAYS_EMBED_SWIFT_STANDARD_LIBRARIES = YES;
				CODE_SIGN_STYLE = Automatic;
				DEVELOPMENT_TEAM = 3FUPSV49KK;
				INFOPLIST_FILE = ScoutingAppUITests/Info.plist;
				LD_RUNPATH_SEARCH_PATHS = "$(inherited) @executable_path/Frameworks @loader_path/Frameworks";
				PRODUCT_BUNDLE_IDENTIFIER = FRCRobotics2170.ScoutingAppUITests;
				PRODUCT_NAME = "$(TARGET_NAME)";
				SWIFT_VERSION = 4.0;
				TARGETED_DEVICE_FAMILY = "1,2";
				TEST_TARGET_NAME = ScoutingApp;
			};
			name = Debug;
		};
		051FA8FF2012ED4A0039D976 /* Release */ = {
			isa = XCBuildConfiguration;
			buildSettings = {
				ALWAYS_EMBED_SWIFT_STANDARD_LIBRARIES = YES;
				CODE_SIGN_STYLE = Automatic;
				DEVELOPMENT_TEAM = 3FUPSV49KK;
				INFOPLIST_FILE = ScoutingAppUITests/Info.plist;
				LD_RUNPATH_SEARCH_PATHS = "$(inherited) @executable_path/Frameworks @loader_path/Frameworks";
				PRODUCT_BUNDLE_IDENTIFIER = FRCRobotics2170.ScoutingAppUITests;
				PRODUCT_NAME = "$(TARGET_NAME)";
				SWIFT_VERSION = 4.0;
				TARGETED_DEVICE_FAMILY = "1,2";
				TEST_TARGET_NAME = ScoutingApp;
			};
			name = Release;
		};
/* End XCBuildConfiguration section */

/* Begin XCConfigurationList section */
		051FA8C72012ED4A0039D976 /* Build configuration list for PBXProject "ScoutingApp" */ = {
			isa = XCConfigurationList;
			buildConfigurations = (
				051FA8F52012ED4A0039D976 /* Debug */,
				051FA8F62012ED4A0039D976 /* Release */,
			);
			defaultConfigurationIsVisible = 0;
			defaultConfigurationName = Release;
		};
		051FA8F72012ED4A0039D976 /* Build configuration list for PBXNativeTarget "ScoutingApp" */ = {
			isa = XCConfigurationList;
			buildConfigurations = (
				051FA8F82012ED4A0039D976 /* Debug */,
				051FA8F92012ED4A0039D976 /* Release */,
			);
			defaultConfigurationIsVisible = 0;
			defaultConfigurationName = Release;
		};
		051FA8FA2012ED4A0039D976 /* Build configuration list for PBXNativeTarget "ScoutingAppTests" */ = {
			isa = XCConfigurationList;
			buildConfigurations = (
				051FA8FB2012ED4A0039D976 /* Debug */,
				051FA8FC2012ED4A0039D976 /* Release */,
			);
			defaultConfigurationIsVisible = 0;
			defaultConfigurationName = Release;
		};
		051FA8FD2012ED4A0039D976 /* Build configuration list for PBXNativeTarget "ScoutingAppUITests" */ = {
			isa = XCConfigurationList;
			buildConfigurations = (
				051FA8FE2012ED4A0039D976 /* Debug */,
				051FA8FF2012ED4A0039D976 /* Release */,
			);
			defaultConfigurationIsVisible = 0;
			defaultConfigurationName = Release;
		};
/* End XCConfigurationList section */

/* Begin XCVersionGroup section */
		051FA8D62012ED4A0039D976 /* ScoutingApp.xcdatamodeld */ = {
			isa = XCVersionGroup;
			children = (
				051FA8D72012ED4A0039D976 /* ScoutingApp.xcdatamodel */,
			);
			currentVersion = 051FA8D72012ED4A0039D976 /* ScoutingApp.xcdatamodel */;
			path = ScoutingApp.xcdatamodeld;
			sourceTree = "<group>";
			versionGroupType = wrapper.xcdatamodel;
		};
/* End XCVersionGroup section */
	};
	rootObject = 051FA8C42012ED4A0039D976 /* Project object */;
}
